PODS:
  - OpenCV (2.4.13.6)
  - TensorFlowLite (1.13.1)

DEPENDENCIES:
  - OpenCV (= 2.4.13.6)
  - TensorFlowLite (= 1.13.1)

SPEC REPOS:
  trunk:
    - OpenCV
    - TensorFlowLite

SPEC CHECKSUMS:
  OpenCV: cd36a3467c21572d658c2640488fe0d5a93ca192
  TensorFlowLite: 8b9dc4eb32eac0f8cb660c66bca7604da56dcc5a

PODFILE CHECKSUM: 239ed9b5a249046e67c6e659ca28519b9f5bbb8d

COCOAPODS: 1.15.2
